
Microsoft Visual Studio Solution File, Format Version 12.00
# Visual Studio Version 16
VisualStudioVersion = 16.0.30011.22
MinimumVisualStudioVersion = 10.0.40219.1
Project("{FAE04EC0-301F-11D3-BF4B-00C04F79EFBC}") = "Analysis Services REST API", "Analysis Services REST API\Analysis Services REST API.csproj", "{49349FA2-C314-467A-B4D0-7A2BBF3430CB}"
EndProject
Global
	GlobalSection(SolutionConfigurationPlatforms) = preSolution
		Debug|Any CPU = Debug|Any CPU
		Release|Any CPU = Release|Any CPU
	EndGlobalSection
	GlobalSection(ProjectConfigurationPlatforms) = postSolution
		{49349FA2-C314-467A-B4D0-7A2BBF3430CB}.Debug|Any CPU.ActiveCfg = Debug|Any CPU
		{49349FA2-C314-467A-B4D0-7A2BBF3430CB}.Debug|Any CPU.Build.0 = Debug|Any CPU
		{49349FA2-C314-467A-B4D0-7A2BBF3430CB}.Release|Any CPU.ActiveCfg = Release|Any CPU
		{49349FA2-C314-467A-B4D0-7A2BBF3430CB}.Release|Any CPU.Build.0 = Release|Any CPU
	EndGlobalSection
	GlobalSection(SolutionProperties) = preSolution
		HideSolutionNode = FALSE
	EndGlobalSection
	GlobalSection(ExtensibilityGlobals) = postSolution
		SolutionGuid = {DC2B51B6-CEE9-4128-A692-B13EBFAD099A}
	EndGlobalSection
EndGlobal
